// !$*UTF8*$!
{
	archiveVersion = 1;
	classes = {
	};
	objectVersion = 56;
	objects = {

/* Begin PBXBuildFile section */
		B0A7FD5D2922F39900E363B9 /* RoomViewController.swift in Sources */ = {isa = PBXBuildFile; fileRef = B0A7FD5B2922F39900E363B9 /* RoomViewController.swift */; };
		B0A7FD5E2922F39900E363B9 /* RoomViewController.xib in Resources */ = {isa = PBXBuildFile; fileRef = B0A7FD5C2922F39900E363B9 /* RoomViewController.xib */; };
		B0DA5023291BEB8F00819D04 /* AppDelegate.swift in Sources */ = {isa = PBXBuildFile; fileRef = B0DA5022291BEB8F00819D04 /* AppDelegate.swift */; };
		B0DA5025291BEB8F00819D04 /* SceneDelegate.swift in Sources */ = {isa = PBXBuildFile; fileRef = B0DA5024291BEB8F00819D04 /* SceneDelegate.swift */; };
		B0DA5027291BEB8F00819D04 /* ViewController.swift in Sources */ = {isa = PBXBuildFile; fileRef = B0DA5026291BEB8F00819D04 /* ViewController.swift */; };
		B0DA502A291BEB8F00819D04 /* Main.storyboard in Resources */ = {isa = PBXBuildFile; fileRef = B0DA5028291BEB8F00819D04 /* Main.storyboard */; };
		B0DA502C291BEB9000819D04 /* Assets.xcassets in Resources */ = {isa = PBXBuildFile; fileRef = B0DA502B291BEB9000819D04 /* Assets.xcassets */; };
		B0DA502F291BEB9000819D04 /* LaunchScreen.storyboard in Resources */ = {isa = PBXBuildFile; fileRef = B0DA502D291BEB9000819D04 /* LaunchScreen.storyboard */; };
		B0DA5037291BF36500819D04 /* User.swift in Sources */ = {isa = PBXBuildFile; fileRef = B0DA5036291BF36500819D04 /* User.swift */; };
		B0DA5039291BF38600819D04 /* UserManager.swift in Sources */ = {isa = PBXBuildFile; fileRef = B0DA5038291BF38600819D04 /* UserManager.swift */; };
		B0DA503B291BF3B700819D04 /* UserResult.swift in Sources */ = {isa = PBXBuildFile; fileRef = B0DA503A291BF3B700819D04 /* UserResult.swift */; };
		B0DA503D291BF48D00819D04 /* RoomManager.swift in Sources */ = {isa = PBXBuildFile; fileRef = B0DA503C291BF48D00819D04 /* RoomManager.swift */; };
		B0DA503F291BF4B200819D04 /* Room.swift in Sources */ = {isa = PBXBuildFile; fileRef = B0DA503E291BF4B200819D04 /* Room.swift */; };
		B0DA5041291BF4CA00819D04 /* Message.swift in Sources */ = {isa = PBXBuildFile; fileRef = B0DA5040291BF4CA00819D04 /* Message.swift */; };
		B0DA5043291BF85900819D04 /* RoomResult.swift in Sources */ = {isa = PBXBuildFile; fileRef = B0DA5042291BF85900819D04 /* RoomResult.swift */; };
		B0DA5045291BF9A300819D04 /* LoginViewController.swift in Sources */ = {isa = PBXBuildFile; fileRef = B0DA5044291BF9A300819D04 /* LoginViewController.swift */; };
		B0DA5047291C27AB00819D04 /* SettingsViewController.swift in Sources */ = {isa = PBXBuildFile; fileRef = B0DA5046291C27AB00819D04 /* SettingsViewController.swift */; };
/* End PBXBuildFile section */

/* Begin PBXFileReference section */
		B0A7FD5B2922F39900E363B9 /* RoomViewController.swift */ = {isa = PBXFileReference; lastKnownFileType = sourcecode.swift; path = RoomViewController.swift; sourceTree = "<group>"; };
		B0A7FD5C2922F39900E363B9 /* RoomViewController.xib */ = {isa = PBXFileReference; lastKnownFileType = file.xib; path = RoomViewController.xib; sourceTree = "<group>"; };
		B0DA501F291BEB8F00819D04 /* ChatApp.app */ = {isa = PBXFileReference; explicitFileType = wrapper.application; includeInIndex = 0; path = ChatApp.app; sourceTree = BUILT_PRODUCTS_DIR; };
		B0DA5022291BEB8F00819D04 /* AppDelegate.swift */ = {isa = PBXFileReference; lastKnownFileType = sourcecode.swift; path = AppDelegate.swift; sourceTree = "<group>"; };
		B0DA5024291BEB8F00819D04 /* SceneDelegate.swift */ = {isa = PBXFileReference; lastKnownFileType = sourcecode.swift; path = SceneDelegate.swift; sourceTree = "<group>"; };
		B0DA5026291BEB8F00819D04 /* ViewController.swift */ = {isa = PBXFileReference; lastKnownFileType = sourcecode.swift; path = ViewController.swift; sourceTree = "<group>"; };
		B0DA5029291BEB8F00819D04 /* Base */ = {isa = PBXFileReference; lastKnownFileType = file.storyboard; name = Base; path = Base.lproj/Main.storyboard; sourceTree = "<group>"; };
		B0DA502B291BEB9000819D04 /* Assets.xcassets */ = {isa = PBXFileReference; lastKnownFileType = folder.assetcatalog; path = Assets.xcassets; sourceTree = "<group>"; };
		B0DA502E291BEB9000819D04 /* Base */ = {isa = PBXFileReference; lastKnownFileType = file.storyboard; name = Base; path = Base.lproj/LaunchScreen.storyboard; sourceTree = "<group>"; };
		B0DA5030291BEB9000819D04 /* Info.plist */ = {isa = PBXFileReference; lastKnownFileType = text.plist.xml; path = Info.plist; sourceTree = "<group>"; };
		B0DA5036291BF36500819D04 /* User.swift */ = {isa = PBXFileReference; lastKnownFileType = sourcecode.swift; path = User.swift; sourceTree = "<group>"; };
		B0DA5038291BF38600819D04 /* UserManager.swift */ = {isa = PBXFileReference; lastKnownFileType = sourcecode.swift; path = UserManager.swift; sourceTree = "<group>"; };
		B0DA503A291BF3B700819D04 /* UserResult.swift */ = {isa = PBXFileReference; lastKnownFileType = sourcecode.swift; path = UserResult.swift; sourceTree = "<group>"; };
		B0DA503C291BF48D00819D04 /* RoomManager.swift */ = {isa = PBXFileReference; lastKnownFileType = sourcecode.swift; path = RoomManager.swift; sourceTree = "<group>"; };
		B0DA503E291BF4B200819D04 /* Room.swift */ = {isa = PBXFileReference; lastKnownFileType = sourcecode.swift; path = Room.swift; sourceTree = "<group>"; };
		B0DA5040291BF4CA00819D04 /* Message.swift */ = {isa = PBXFileReference; lastKnownFileType = sourcecode.swift; path = Message.swift; sourceTree = "<group>"; };
		B0DA5042291BF85900819D04 /* RoomResult.swift */ = {isa = PBXFileReference; lastKnownFileType = sourcecode.swift; path = RoomResult.swift; sourceTree = "<group>"; };
		B0DA5044291BF9A300819D04 /* LoginViewController.swift */ = {isa = PBXFileReference; lastKnownFileType = sourcecode.swift; path = LoginViewController.swift; sourceTree = "<group>"; };
		B0DA5046291C27AB00819D04 /* SettingsViewController.swift */ = {isa = PBXFileReference; lastKnownFileType = sourcecode.swift; path = SettingsViewController.swift; sourceTree = "<group>"; };
/* End PBXFileReference section */

/* Begin PBXFrameworksBuildPhase section */
		B0DA501C291BEB8F00819D04 /* Frameworks */ = {
			isa = PBXFrameworksBuildPhase;
			buildActionMask = 2147483647;
			files = (
			);
			runOnlyForDeploymentPostprocessing = 0;
		};
/* End PBXFrameworksBuildPhase section */

/* Begin PBXGroup section */
		B0BA48FD2924D06300D1CDA5 /* Modules */ = {
			isa = PBXGroup;
			children = (
				B0BA49032924D1B300D1CDA5 /* Settings */,
			);
			name = Modules;
			sourceTree = "<group>";
		};
		B0BA49012924D0FF00D1CDA5 /* Models */ = {
			isa = PBXGroup;
			children = (
				B0DA5040291BF4CA00819D04 /* Message.swift */,
				B0DA5036291BF36500819D04 /* User.swift */,
				B0DA503A291BF3B700819D04 /* UserResult.swift */,
				B0DA5042291BF85900819D04 /* RoomResult.swift */,
			);
			path = Models;
			sourceTree = "<group>";
		};
		B0BA49032924D1B300D1CDA5 /* Settings */ = {
			isa = PBXGroup;
			children = (
				B0DA5046291C27AB00819D04 /* SettingsViewController.swift */,
			);
			path = Settings;
			sourceTree = "<group>";
		};
		B0BA49072924E3D600D1CDA5 /* UI */ = {
			isa = PBXGroup;
			children = (
				B0DA502D291BEB9000819D04 /* LaunchScreen.storyboard */,
				B0DA5028291BEB8F00819D04 /* Main.storyboard */,
			);
			path = UI;
			sourceTree = "<group>";
		};
		B0BA490A2924E43900D1CDA5 /* Modules */ = {
			isa = PBXGroup;
			children = (
				B0BA490D2924E4A700D1CDA5 /* Room */,
				B0BA490B2924E47700D1CDA5 /* Home */,
				B0BA490C2924E48E00D1CDA5 /* Login */,
			);
			path = Modules;
			sourceTree = "<group>";
		};
		B0BA490B2924E47700D1CDA5 /* Home */ = {
			isa = PBXGroup;
			children = (
				B0DA503C291BF48D00819D04 /* RoomManager.swift */,
				B0DA5044291BF9A300819D04 /* LoginViewController.swift */,
			);
			path = Home;
			sourceTree = "<group>";
		};
		B0BA490C2924E48E00D1CDA5 /* Login */ = {
			isa = PBXGroup;
			children = (
				B0DA5026291BEB8F00819D04 /* ViewController.swift */,
				B0DA5038291BF38600819D04 /* UserManager.swift */,
			);
			path = Login;
			sourceTree = "<group>";
		};
		B0BA490D2924E4A700D1CDA5 /* Room */ = {
			isa = PBXGroup;
			children = (
				B0DA503E291BF4B200819D04 /* Room.swift */,
				B0A7FD5C2922F39900E363B9 /* RoomViewController.xib */,
				B0A7FD5B2922F39900E363B9 /* RoomViewController.swift */,
			);
			path = Room;
			sourceTree = "<group>";
		};
		B0DA5016291BEB8F00819D04 = {
			isa = PBXGroup;
			children = (
				B0DA5021291BEB8F00819D04 /* ChatApp */,
				B0DA5020291BEB8F00819D04 /* Products */,
			);
			sourceTree = "<group>";
		};
		B0DA5020291BEB8F00819D04 /* Products */ = {
			isa = PBXGroup;
			children = (
				B0DA501F291BEB8F00819D04 /* ChatApp.app */,
			);
			name = Products;
			sourceTree = "<group>";
		};
		B0DA5021291BEB8F00819D04 /* ChatApp */ = {
			isa = PBXGroup;
			children = (
				B0BA49072924E3D600D1CDA5 /* UI */,
				B0BA49012924D0FF00D1CDA5 /* Models */,
				B0BA490A2924E43900D1CDA5 /* Modules */,
				B0BA48FD2924D06300D1CDA5 /* Modules */,
				B0DA5024291BEB8F00819D04 /* SceneDelegate.swift */,
				B0DA5022291BEB8F00819D04 /* AppDelegate.swift */,
				B0DA502B291BEB9000819D04 /* Assets.xcassets */,
				B0DA5030291BEB9000819D04 /* Info.plist */,
			);
			path = ChatApp;
			sourceTree = "<group>";
		};
/* End PBXGroup section */

/* Begin PBXNativeTarget section */
		B0DA501E291BEB8F00819D04 /* ChatApp */ = {
			isa = PBXNativeTarget;
			buildConfigurationList = B0DA5033291BEB9000819D04 /* Build configuration list for PBXNativeTarget "ChatApp" */;
			buildPhases = (
				B0DA501B291BEB8F00819D04 /* Sources */,
				B0DA501C291BEB8F00819D04 /* Frameworks */,
				B0DA501D291BEB8F00819D04 /* Resources */,
			);
			buildRules = (
			);
			dependencies = (
			);
			name = ChatApp;
			productName = ChatApp;
			productReference = B0DA501F291BEB8F00819D04 /* ChatApp.app */;
			productType = "com.apple.product-type.application";
		};
/* End PBXNativeTarget section */

/* Begin PBXProject section */
		B0DA5017291BEB8F00819D04 /* Project object */ = {
			isa = PBXProject;
			attributes = {
				BuildIndependentTargetsInParallel = 1;
				LastSwiftUpdateCheck = 1410;
				LastUpgradeCheck = 1410;
				TargetAttributes = {
					B0DA501E291BEB8F00819D04 = {
						CreatedOnToolsVersion = 14.1;
					};
				};
			};
			buildConfigurationList = B0DA501A291BEB8F00819D04 /* Build configuration list for PBXProject "ChatApp" */;
			compatibilityVersion = "Xcode 14.0";
			developmentRegion = en;
			hasScannedForEncodings = 0;
			knownRegions = (
				en,
				Base,
			);
			mainGroup = B0DA5016291BEB8F00819D04;
			productRefGroup = B0DA5020291BEB8F00819D04 /* Products */;
			projectDirPath = "";
			projectRoot = "";
			targets = (
				B0DA501E291BEB8F00819D04 /* ChatApp */,
			);
		};
/* End PBXProject section */

/* Begin PBXResourcesBuildPhase section */
		B0DA501D291BEB8F00819D04 /* Resources */ = {
			isa = PBXResourcesBuildPhase;
			buildActionMask = 2147483647;
			files = (
				B0DA502F291BEB9000819D04 /* LaunchScreen.storyboard in Resources */,
				B0DA502C291BEB9000819D04 /* Assets.xcassets in Resources */,
				B0DA502A291BEB8F00819D04 /* Main.storyboard in Resources */,
				B0A7FD5E2922F39900E363B9 /* RoomViewController.xib in Resources */,
			);
			runOnlyForDeploymentPostprocessing = 0;
		};
/* End PBXResourcesBuildPhase section */

/* Begin PBXSourcesBuildPhase section */
		B0DA501B291BEB8F00819D04 /* Sources */ = {
			isa = PBXSourcesBuildPhase;
			buildActionMask = 2147483647;
			files = (
				B0DA5037291BF36500819D04 /* User.swift in Sources */,
				B0DA503D291BF48D00819D04 /* RoomManager.swift in Sources */,
				B0A7FD5D2922F39900E363B9 /* RoomViewController.swift in Sources */,
				B0DA503F291BF4B200819D04 /* Room.swift in Sources */,
				B0DA5041291BF4CA00819D04 /* Message.swift in Sources */,
				B0DA5027291BEB8F00819D04 /* ViewController.swift in Sources */,
				B0DA5023291BEB8F00819D04 /* AppDelegate.swift in Sources */,
				B0DA5039291BF38600819D04 /* UserManager.swift in Sources */,
				B0DA5025291BEB8F00819D04 /* SceneDelegate.swift in Sources */,
				B0DA503B291BF3B700819D04 /* UserResult.swift in Sources */,
				B0DA5043291BF85900819D04 /* RoomResult.swift in Sources */,
				B0DA5045291BF9A300819D04 /* LoginViewController.swift in Sources */,
				B0DA5047291C27AB00819D04 /* SettingsViewController.swift in Sources */,
			);
			runOnlyForDeploymentPostprocessing = 0;
		};
/* End PBXSourcesBuildPhase section */

/* Begin PBXVariantGroup section */
		B0DA5028291BEB8F00819D04 /* Main.storyboard */ = {
			isa = PBXVariantGroup;
			children = (
				B0DA5029291BEB8F00819D04 /* Base */,
			);
			name = Main.storyboard;
			sourceTree = "<group>";
		};
		B0DA502D291BEB9000819D04 /* LaunchScreen.storyboard */ = {
			isa = PBXVariantGroup;
			children = (
				B0DA502E291BEB9000819D04 /* Base */,
			);
			name = LaunchScreen.storyboard;
			sourceTree = "<group>";
		};
/* End PBXVariantGroup section */

/* Begin XCBuildConfiguration section */
		B0DA5031291BEB9000819D04 /* Debug */ = {
			isa = XCBuildConfiguration;
			buildSettings = {
				ALWAYS_SEARCH_USER_PATHS = NO;
				CLANG_ANALYZER_NONNULL = YES;
				CLANG_ANALYZER_NUMBER_OBJECT_CONVERSION = YES_AGGRESSIVE;
				CLANG_CXX_LANGUAGE_STANDARD = "gnu++20";
				CLANG_ENABLE_MODULES = YES;
				CLANG_ENABLE_OBJC_ARC = YES;
				CLANG_ENABLE_OBJC_WEAK = YES;
				CLANG_WARN_BLOCK_CAPTURE_AUTORELEASING = YES;
				CLANG_WARN_BOOL_CONVERSION = YES;
				CLANG_WARN_COMMA = YES;
				CLANG_WARN_CONSTANT_CONVERSION = YES;
				CLANG_WARN_DEPRECATED_OBJC_IMPLEMENTATIONS = YES;
				CLANG_WARN_DIRECT_OBJC_ISA_USAGE = YES_ERROR;
				CLANG_WARN_DOCUMENTATION_COMMENTS = YES;
				CLANG_WARN_EMPTY_BODY = YES;
				CLANG_WARN_ENUM_CONVERSION = YES;
				CLANG_WARN_INFINITE_RECURSION = YES;
				CLANG_WARN_INT_CONVERSION = YES;
				CLANG_WARN_NON_LITERAL_NULL_CONVERSION = YES;
				CLANG_WARN_OBJC_IMPLICIT_RETAIN_SELF = YES;
				CLANG_WARN_OBJC_LITERAL_CONVERSION = YES;
				CLANG_WARN_OBJC_ROOT_CLASS = YES_ERROR;
				CLANG_WARN_QUOTED_INCLUDE_IN_FRAMEWORK_HEADER = YES;
				CLANG_WARN_RANGE_LOOP_ANALYSIS = YES;
				CLANG_WARN_STRICT_PROTOTYPES = YES;
				CLANG_WARN_SUSPICIOUS_MOVE = YES;
				CLANG_WARN_UNGUARDED_AVAILABILITY = YES_AGGRESSIVE;
				CLANG_WARN_UNREACHABLE_CODE = YES;
				CLANG_WARN__DUPLICATE_METHOD_MATCH = YES;
				COPY_PHASE_STRIP = NO;
				DEBUG_INFORMATION_FORMAT = dwarf;
				ENABLE_STRICT_OBJC_MSGSEND = YES;
				ENABLE_TESTABILITY = YES;
				GCC_C_LANGUAGE_STANDARD = gnu11;
				GCC_DYNAMIC_NO_PIC = NO;
				GCC_NO_COMMON_BLOCKS = YES;
				GCC_OPTIMIZATION_LEVEL = 0;
				GCC_PREPROCESSOR_DEFINITIONS = (
					"DEBUG=1",
					"$(inherited)",
				);
				GCC_WARN_64_TO_32_BIT_CONVERSION = YES;
				GCC_WARN_ABOUT_RETURN_TYPE = YES_ERROR;
				GCC_WARN_UNDECLARED_SELECTOR = YES;
				GCC_WARN_UNINITIALIZED_AUTOS = YES_AGGRESSIVE;
				GCC_WARN_UNUSED_FUNCTION = YES;
				GCC_WARN_UNUSED_VARIABLE = YES;
				IPHONEOS_DEPLOYMENT_TARGET = 16.1;
				MTL_ENABLE_DEBUG_INFO = INCLUDE_SOURCE;
				MTL_FAST_MATH = YES;
				ONLY_ACTIVE_ARCH = YES;
				SDKROOT = iphoneos;
				SWIFT_ACTIVE_COMPILATION_CONDITIONS = DEBUG;
				SWIFT_OPTIMIZATION_LEVEL = "-Onone";
			};
			name = Debug;
		};
		B0DA5032291BEB9000819D04 /* Release */ = {
			isa = XCBuildConfiguration;
			buildSettings = {
				ALWAYS_SEARCH_USER_PATHS = NO;
				CLANG_ANALYZER_NONNULL = YES;
				CLANG_ANALYZER_NUMBER_OBJECT_CONVERSION = YES_AGGRESSIVE;
				CLANG_CXX_LANGUAGE_STANDARD = "gnu++20";
				CLANG_ENABLE_MODULES = YES;
				CLANG_ENABLE_OBJC_ARC = YES;
				CLANG_ENABLE_OBJC_WEAK = YES;
				CLANG_WARN_BLOCK_CAPTURE_AUTORELEASING = YES;
				CLANG_WARN_BOOL_CONVERSION = YES;
				CLANG_WARN_COMMA = YES;
				CLANG_WARN_CONSTANT_CONVERSION = YES;
				CLANG_WARN_DEPRECATED_OBJC_IMPLEMENTATIONS = YES;
				CLANG_WARN_DIRECT_OBJC_ISA_USAGE = YES_ERROR;
				CLANG_WARN_DOCUMENTATION_COMMENTS = YES;
				CLANG_WARN_EMPTY_BODY = YES;
				CLANG_WARN_ENUM_CONVERSION = YES;
				CLANG_WARN_INFINITE_RECURSION = YES;
				CLANG_WARN_INT_CONVERSION = YES;
				CLANG_WARN_NON_LITERAL_NULL_CONVERSION = YES;
				CLANG_WARN_OBJC_IMPLICIT_RETAIN_SELF = YES;
				CLANG_WARN_OBJC_LITERAL_CONVERSION = YES;
				CLANG_WARN_OBJC_ROOT_CLASS = YES_ERROR;
				CLANG_WARN_QUOTED_INCLUDE_IN_FRAMEWORK_HEADER = YES;
				CLANG_WARN_RANGE_LOOP_ANALYSIS = YES;
				CLANG_WARN_STRICT_PROTOTYPES = YES;
				CLANG_WARN_SUSPICIOUS_MOVE = YES;
				CLANG_WARN_UNGUARDED_AVAILABILITY = YES_AGGRESSIVE;
				CLANG_WARN_UNREACHABLE_CODE = YES;
				CLANG_WARN__DUPLICATE_METHOD_MATCH = YES;
				COPY_PHASE_STRIP = NO;
				DEBUG_INFORMATION_FORMAT = "dwarf-with-dsym";
				ENABLE_NS_ASSERTIONS = NO;
				ENABLE_STRICT_OBJC_MSGSEND = YES;
				GCC_C_LANGUAGE_STANDARD = gnu11;
				GCC_NO_COMMON_BLOCKS = YES;
				GCC_WARN_64_TO_32_BIT_CONVERSION = YES;
				GCC_WARN_ABOUT_RETURN_TYPE = YES_ERROR;
				GCC_WARN_UNDECLARED_SELECTOR = YES;
				GCC_WARN_UNINITIALIZED_AUTOS = YES_AGGRESSIVE;
				GCC_WARN_UNUSED_FUNCTION = YES;
				GCC_WARN_UNUSED_VARIABLE = YES;
				IPHONEOS_DEPLOYMENT_TARGET = 16.1;
				MTL_ENABLE_DEBUG_INFO = NO;
				MTL_FAST_MATH = YES;
				SDKROOT = iphoneos;
				SWIFT_COMPILATION_MODE = wholemodule;
				SWIFT_OPTIMIZATION_LEVEL = "-O";
				VALIDATE_PRODUCT = YES;
			};
			name = Release;
		};
		B0DA5034291BEB9000819D04 /* Debug */ = {
			isa = XCBuildConfiguration;
			buildSettings = {
				ASSETCATALOG_COMPILER_APPICON_NAME = AppIcon;
				ASSETCATALOG_COMPILER_GLOBAL_ACCENT_COLOR_NAME = AccentColor;
				CODE_SIGN_STYLE = Automatic;
				CURRENT_PROJECT_VERSION = 1;
				DEVELOPMENT_TEAM = 95H4F25F77;
				GENERATE_INFOPLIST_FILE = YES;
				INFOPLIST_FILE = ChatApp/Info.plist;
				INFOPLIST_KEY_UIApplicationSupportsIndirectInputEvents = YES;
				INFOPLIST_KEY_UILaunchStoryboardName = LaunchScreen;
				INFOPLIST_KEY_UIMainStoryboardFile = Main;
				INFOPLIST_KEY_UISupportedInterfaceOrientations_iPad = "UIInterfaceOrientationPortrait UIInterfaceOrientationPortraitUpsideDown UIInterfaceOrientationLandscapeLeft UIInterfaceOrientationLandscapeRight";
				INFOPLIST_KEY_UISupportedInterfaceOrientations_iPhone = "UIInterfaceOrientationPortrait UIInterfaceOrientationLandscapeLeft UIInterfaceOrientationLandscapeRight";
				LD_RUNPATH_SEARCH_PATHS = (
					"$(inherited)",
					"@executable_path/Frameworks",
				);
				MARKETING_VERSION = 1.0;
				PRODUCT_BUNDLE_IDENTIFIER = net.linasdev.ChatApp;
				PRODUCT_NAME = "$(TARGET_NAME)";
				SWIFT_EMIT_LOC_STRINGS = YES;
				SWIFT_VERSION = 5.0;
				TARGETED_DEVICE_FAMILY = "1,2";
			};
			name = Debug;
		};
		B0DA5035291BEB9000819D04 /* Release */ = {
			isa = XCBuildConfiguration;
			buildSettings = {
				ASSETCATALOG_COMPILER_APPICON_NAME = AppIcon;
				ASSETCATALOG_COMPILER_GLOBAL_ACCENT_COLOR_NAME = AccentColor;
				CODE_SIGN_STYLE = Automatic;
				CURRENT_PROJECT_VERSION = 1;
				DEVELOPMENT_TEAM = 95H4F25F77;
				GENERATE_INFOPLIST_FILE = YES;
				INFOPLIST_FILE = ChatApp/Info.plist;
				INFOPLIST_KEY_UIApplicationSupportsIndirectInputEvents = YES;
				INFOPLIST_KEY_UILaunchStoryboardName = LaunchScreen;
				INFOPLIST_KEY_UIMainStoryboardFile = Main;
				INFOPLIST_KEY_UISupportedInterfaceOrientations_iPad = "UIInterfaceOrientationPortrait UIInterfaceOrientationPortraitUpsideDown UIInterfaceOrientationLandscapeLeft UIInterfaceOrientationLandscapeRight";
				INFOPLIST_KEY_UISupportedInterfaceOrientations_iPhone = "UIInterfaceOrientationPortrait UIInterfaceOrientationLandscapeLeft UIInterfaceOrientationLandscapeRight";
				LD_RUNPATH_SEARCH_PATHS = (
					"$(inherited)",
					"@executable_path/Frameworks",
				);
				MARKETING_VERSION = 1.0;
				PRODUCT_BUNDLE_IDENTIFIER = net.linasdev.ChatApp;
				PRODUCT_NAME = "$(TARGET_NAME)";
				SWIFT_EMIT_LOC_STRINGS = YES;
				SWIFT_VERSION = 5.0;
				TARGETED_DEVICE_FAMILY = "1,2";
			};
			name = Release;
		};
/* End XCBuildConfiguration section */

/* Begin XCConfigurationList section */
		B0DA501A291BEB8F00819D04 /* Build configuration list for PBXProject "ChatApp" */ = {
			isa = XCConfigurationList;
			buildConfigurations = (
				B0DA5031291BEB9000819D04 /* Debug */,
				B0DA5032291BEB9000819D04 /* Release */,
			);
			defaultConfigurationIsVisible = 0;
			defaultConfigurationName = Release;
		};
		B0DA5033291BEB9000819D04 /* Build configuration list for PBXNativeTarget "ChatApp" */ = {
			isa = XCConfigurationList;
			buildConfigurations = (
				B0DA5034291BEB9000819D04 /* Debug */,
				B0DA5035291BEB9000819D04 /* Release */,
			);
			defaultConfigurationIsVisible = 0;
			defaultConfigurationName = Release;
		};
/* End XCConfigurationList section */
	};
	rootObject = B0DA5017291BEB8F00819D04 /* Project object */;
}
