// !$*UTF8*$!
{
	archiveVersion = 1;
	classes = {
	};
	objectVersion = 56;
	objects = {

/* Begin PBXBuildFile section */
		119858C729192B680009BC26 /* HomeViewController.swift in Sources */ = {isa = PBXBuildFile; fileRef = 119858C629192B680009BC26 /* HomeViewController.swift */; };
		119858C9291939190009BC26 /* SettingsVC.swift in Sources */ = {isa = PBXBuildFile; fileRef = 119858C8291939190009BC26 /* SettingsVC.swift */; };
		119858D02919A9200009BC26 /* User.swift in Sources */ = {isa = PBXBuildFile; fileRef = 119858CF2919A9200009BC26 /* User.swift */; };
		119858D22919AB410009BC26 /* UserManager.swift in Sources */ = {isa = PBXBuildFile; fileRef = 119858D12919AB410009BC26 /* UserManager.swift */; };
		119858D5291AD2520009BC26 /* Message.swift in Sources */ = {isa = PBXBuildFile; fileRef = 119858D4291AD2520009BC26 /* Message.swift */; };
		119858D7291AD2830009BC26 /* Room.swift in Sources */ = {isa = PBXBuildFile; fileRef = 119858D6291AD2830009BC26 /* Room.swift */; };
		119858D9291AD29C0009BC26 /* RoomManager.swift in Sources */ = {isa = PBXBuildFile; fileRef = 119858D8291AD29C0009BC26 /* RoomManager.swift */; };
		11D8E95A2924184400EE37B4 /* RoomViewController.swift in Sources */ = {isa = PBXBuildFile; fileRef = 11D8E9582924184400EE37B4 /* RoomViewController.swift */; };
		11D8E95B2924184400EE37B4 /* RoomViewController.xib in Resources */ = {isa = PBXBuildFile; fileRef = 11D8E9592924184400EE37B4 /* RoomViewController.xib */; };
		A0C2A69B29144FA9009A006C /* AppDelegate.swift in Sources */ = {isa = PBXBuildFile; fileRef = A0C2A69A29144FA9009A006C /* AppDelegate.swift */; };
		A0C2A69D29144FA9009A006C /* SceneDelegate.swift in Sources */ = {isa = PBXBuildFile; fileRef = A0C2A69C29144FA9009A006C /* SceneDelegate.swift */; };
		A0C2A69F29144FA9009A006C /* LoginViewController.swift in Sources */ = {isa = PBXBuildFile; fileRef = A0C2A69E29144FA9009A006C /* LoginViewController.swift */; };
		A0C2A6A229144FA9009A006C /* Main.storyboard in Resources */ = {isa = PBXBuildFile; fileRef = A0C2A6A029144FA9009A006C /* Main.storyboard */; };
		A0C2A6A429144FAB009A006C /* Assets.xcassets in Resources */ = {isa = PBXBuildFile; fileRef = A0C2A6A329144FAB009A006C /* Assets.xcassets */; };
		A0C2A6A729144FAB009A006C /* LaunchScreen.storyboard in Resources */ = {isa = PBXBuildFile; fileRef = A0C2A6A529144FAB009A006C /* LaunchScreen.storyboard */; };
/* End PBXBuildFile section */

/* Begin PBXFileReference section */
		119858C629192B680009BC26 /* HomeViewController.swift */ = {isa = PBXFileReference; lastKnownFileType = sourcecode.swift; path = HomeViewController.swift; sourceTree = "<group>"; };
		119858C8291939190009BC26 /* SettingsVC.swift */ = {isa = PBXFileReference; lastKnownFileType = sourcecode.swift; path = SettingsVC.swift; sourceTree = "<group>"; };
		119858CF2919A9200009BC26 /* User.swift */ = {isa = PBXFileReference; lastKnownFileType = sourcecode.swift; path = User.swift; sourceTree = "<group>"; };
		119858D12919AB410009BC26 /* UserManager.swift */ = {isa = PBXFileReference; lastKnownFileType = sourcecode.swift; path = UserManager.swift; sourceTree = "<group>"; };
		119858D4291AD2520009BC26 /* Message.swift */ = {isa = PBXFileReference; lastKnownFileType = sourcecode.swift; path = Message.swift; sourceTree = "<group>"; };
		119858D6291AD2830009BC26 /* Room.swift */ = {isa = PBXFileReference; lastKnownFileType = sourcecode.swift; path = Room.swift; sourceTree = "<group>"; };
		119858D8291AD29C0009BC26 /* RoomManager.swift */ = {isa = PBXFileReference; lastKnownFileType = sourcecode.swift; path = RoomManager.swift; sourceTree = "<group>"; };
		11D8E9582924184400EE37B4 /* RoomViewController.swift */ = {isa = PBXFileReference; lastKnownFileType = sourcecode.swift; path = RoomViewController.swift; sourceTree = "<group>"; };
		11D8E9592924184400EE37B4 /* RoomViewController.xib */ = {isa = PBXFileReference; lastKnownFileType = file.xib; path = RoomViewController.xib; sourceTree = "<group>"; };
		A0C2A69729144FA9009A006C /* CodeAcademyChat.app */ = {isa = PBXFileReference; explicitFileType = wrapper.application; includeInIndex = 0; path = CodeAcademyChat.app; sourceTree = BUILT_PRODUCTS_DIR; };
		A0C2A69A29144FA9009A006C /* AppDelegate.swift */ = {isa = PBXFileReference; lastKnownFileType = sourcecode.swift; path = AppDelegate.swift; sourceTree = "<group>"; };
		A0C2A69C29144FA9009A006C /* SceneDelegate.swift */ = {isa = PBXFileReference; lastKnownFileType = sourcecode.swift; path = SceneDelegate.swift; sourceTree = "<group>"; };
		A0C2A69E29144FA9009A006C /* LoginViewController.swift */ = {isa = PBXFileReference; lastKnownFileType = sourcecode.swift; path = LoginViewController.swift; sourceTree = "<group>"; };
		A0C2A6A129144FA9009A006C /* Base */ = {isa = PBXFileReference; lastKnownFileType = file.storyboard; name = Base; path = Base.lproj/Main.storyboard; sourceTree = "<group>"; };
		A0C2A6A329144FAB009A006C /* Assets.xcassets */ = {isa = PBXFileReference; lastKnownFileType = folder.assetcatalog; path = Assets.xcassets; sourceTree = "<group>"; };
		A0C2A6A629144FAB009A006C /* Base */ = {isa = PBXFileReference; lastKnownFileType = file.storyboard; name = Base; path = Base.lproj/LaunchScreen.storyboard; sourceTree = "<group>"; };
		A0C2A6A829144FAB009A006C /* Info.plist */ = {isa = PBXFileReference; lastKnownFileType = text.plist.xml; path = Info.plist; sourceTree = "<group>"; };
/* End PBXFileReference section */

/* Begin PBXFrameworksBuildPhase section */
		A0C2A69429144FA9009A006C /* Frameworks */ = {
			isa = PBXFrameworksBuildPhase;
			buildActionMask = 2147483647;
			files = (
			);
			runOnlyForDeploymentPostprocessing = 0;
		};
/* End PBXFrameworksBuildPhase section */

/* Begin PBXGroup section */
		118D984529252DFF00B1188B /* Room */ = {
			isa = PBXGroup;
			children = (
				11D8E9582924184400EE37B4 /* RoomViewController.swift */,
				119858D6291AD2830009BC26 /* Room.swift */,
				11D8E9592924184400EE37B4 /* RoomViewController.xib */,
			);
			path = Room;
			sourceTree = "<group>";
		};
		118D9846292613C100B1188B /* Settings */ = {
			isa = PBXGroup;
			children = (
				119858C8291939190009BC26 /* SettingsVC.swift */,
			);
			path = Settings;
			sourceTree = "<group>";
		};
		118D98472926140C00B1188B /* Home */ = {
			isa = PBXGroup;
			children = (
				119858C629192B680009BC26 /* HomeViewController.swift */,
				119858D8291AD29C0009BC26 /* RoomManager.swift */,
			);
			path = Home;
			sourceTree = "<group>";
		};
		118D98482926343600B1188B /* UI */ = {
			isa = PBXGroup;
			children = (
				A0C2A6A029144FA9009A006C /* Main.storyboard */,
				A0C2A6A529144FAB009A006C /* LaunchScreen.storyboard */,
			);
			path = UI;
			sourceTree = "<group>";
		};
		11D8E95C29252CAC00EE37B4 /* Models */ = {
			isa = PBXGroup;
			children = (
				119858D4291AD2520009BC26 /* Message.swift */,
				119858CF2919A9200009BC26 /* User.swift */,
			);
			path = Models;
			sourceTree = "<group>";
		};
		11D8E95D29252CCE00EE37B4 /* Modules */ = {
			isa = PBXGroup;
			children = (
				118D98472926140C00B1188B /* Home */,
				11D8E95E29252CEC00EE37B4 /* Login */,
				118D984529252DFF00B1188B /* Room */,
				118D9846292613C100B1188B /* Settings */,
			);
			path = Modules;
			sourceTree = "<group>";
		};
		11D8E95E29252CEC00EE37B4 /* Login */ = {
			isa = PBXGroup;
			children = (
				119858D12919AB410009BC26 /* UserManager.swift */,
				A0C2A69E29144FA9009A006C /* LoginViewController.swift */,
			);
			path = Login;
			sourceTree = "<group>";
		};
		A0C2A68E29144FA9009A006C = {
			isa = PBXGroup;
			children = (
				A0C2A69929144FA9009A006C /* CodeAcademyChat */,
				A0C2A69829144FA9009A006C /* Products */,
			);
			sourceTree = "<group>";
		};
		A0C2A69829144FA9009A006C /* Products */ = {
			isa = PBXGroup;
			children = (
				A0C2A69729144FA9009A006C /* CodeAcademyChat.app */,
			);
			name = Products;
			sourceTree = "<group>";
		};
		A0C2A69929144FA9009A006C /* CodeAcademyChat */ = {
			isa = PBXGroup;
			children = (
				118D98482926343600B1188B /* UI */,
				11D8E95C29252CAC00EE37B4 /* Models */,
				11D8E95D29252CCE00EE37B4 /* Modules */,
				A0C2A69A29144FA9009A006C /* AppDelegate.swift */,
				A0C2A69C29144FA9009A006C /* SceneDelegate.swift */,
				A0C2A6A329144FAB009A006C /* Assets.xcassets */,
				A0C2A6A829144FAB009A006C /* Info.plist */,
			);
			path = CodeAcademyChat;
			sourceTree = "<group>";
		};
/* End PBXGroup section */

/* Begin PBXNativeTarget section */
		A0C2A69629144FA9009A006C /* CodeAcademyChat */ = {
			isa = PBXNativeTarget;
			buildConfigurationList = A0C2A6AB29144FAB009A006C /* Build configuration list for PBXNativeTarget "CodeAcademyChat" */;
			buildPhases = (
				A0C2A69329144FA9009A006C /* Sources */,
				A0C2A69429144FA9009A006C /* Frameworks */,
				A0C2A69529144FA9009A006C /* Resources */,
			);
			buildRules = (
			);
			dependencies = (
			);
			name = CodeAcademyChat;
			productName = CodeAcademyChat;
			productReference = A0C2A69729144FA9009A006C /* CodeAcademyChat.app */;
			productType = "com.apple.product-type.application";
		};
/* End PBXNativeTarget section */

/* Begin PBXProject section */
		A0C2A68F29144FA9009A006C /* Project object */ = {
			isa = PBXProject;
			attributes = {
				BuildIndependentTargetsInParallel = 1;
				LastSwiftUpdateCheck = 1400;
				LastUpgradeCheck = 1400;
				TargetAttributes = {
					A0C2A69629144FA9009A006C = {
						CreatedOnToolsVersion = 14.0.1;
					};
				};
			};
			buildConfigurationList = A0C2A69229144FA9009A006C /* Build configuration list for PBXProject "CodeAcademyChat" */;
			compatibilityVersion = "Xcode 14.0";
			developmentRegion = en;
			hasScannedForEncodings = 0;
			knownRegions = (
				en,
				Base,
			);
			mainGroup = A0C2A68E29144FA9009A006C;
			productRefGroup = A0C2A69829144FA9009A006C /* Products */;
			projectDirPath = "";
			projectRoot = "";
			targets = (
				A0C2A69629144FA9009A006C /* CodeAcademyChat */,
			);
		};
/* End PBXProject section */

/* Begin PBXResourcesBuildPhase section */
		A0C2A69529144FA9009A006C /* Resources */ = {
			isa = PBXResourcesBuildPhase;
			buildActionMask = 2147483647;
			files = (
				A0C2A6A729144FAB009A006C /* LaunchScreen.storyboard in Resources */,
				A0C2A6A429144FAB009A006C /* Assets.xcassets in Resources */,
				A0C2A6A229144FA9009A006C /* Main.storyboard in Resources */,
				11D8E95B2924184400EE37B4 /* RoomViewController.xib in Resources */,
			);
			runOnlyForDeploymentPostprocessing = 0;
		};
/* End PBXResourcesBuildPhase section */

/* Begin PBXSourcesBuildPhase section */
		A0C2A69329144FA9009A006C /* Sources */ = {
			isa = PBXSourcesBuildPhase;
			buildActionMask = 2147483647;
			files = (
				A0C2A69F29144FA9009A006C /* LoginViewController.swift in Sources */,
				A0C2A69B29144FA9009A006C /* AppDelegate.swift in Sources */,
				119858D5291AD2520009BC26 /* Message.swift in Sources */,
				119858D7291AD2830009BC26 /* Room.swift in Sources */,
				119858C729192B680009BC26 /* HomeViewController.swift in Sources */,
				A0C2A69D29144FA9009A006C /* SceneDelegate.swift in Sources */,
				11D8E95A2924184400EE37B4 /* RoomViewController.swift in Sources */,
				119858C9291939190009BC26 /* SettingsVC.swift in Sources */,
				119858D22919AB410009BC26 /* UserManager.swift in Sources */,
				119858D9291AD29C0009BC26 /* RoomManager.swift in Sources */,
				119858D02919A9200009BC26 /* User.swift in Sources */,
			);
			runOnlyForDeploymentPostprocessing = 0;
		};
/* End PBXSourcesBuildPhase section */

/* Begin PBXVariantGroup section */
		A0C2A6A029144FA9009A006C /* Main.storyboard */ = {
			isa = PBXVariantGroup;
			children = (
				A0C2A6A129144FA9009A006C /* Base */,
			);
			name = Main.storyboard;
			sourceTree = "<group>";
		};
		A0C2A6A529144FAB009A006C /* LaunchScreen.storyboard */ = {
			isa = PBXVariantGroup;
			children = (
				A0C2A6A629144FAB009A006C /* Base */,
			);
			name = LaunchScreen.storyboard;
			sourceTree = "<group>";
		};
/* End PBXVariantGroup section */

/* Begin XCBuildConfiguration section */
		A0C2A6A929144FAB009A006C /* Debug */ = {
			isa = XCBuildConfiguration;
			buildSettings = {
				ALWAYS_SEARCH_USER_PATHS = NO;
				CLANG_ANALYZER_NONNULL = YES;
				CLANG_ANALYZER_NUMBER_OBJECT_CONVERSION = YES_AGGRESSIVE;
				CLANG_CXX_LANGUAGE_STANDARD = "gnu++20";
				CLANG_ENABLE_MODULES = YES;
				CLANG_ENABLE_OBJC_ARC = YES;
				CLANG_ENABLE_OBJC_WEAK = YES;
				CLANG_WARN_BLOCK_CAPTURE_AUTORELEASING = YES;
				CLANG_WARN_BOOL_CONVERSION = YES;
				CLANG_WARN_COMMA = YES;
				CLANG_WARN_CONSTANT_CONVERSION = YES;
				CLANG_WARN_DEPRECATED_OBJC_IMPLEMENTATIONS = YES;
				CLANG_WARN_DIRECT_OBJC_ISA_USAGE = YES_ERROR;
				CLANG_WARN_DOCUMENTATION_COMMENTS = YES;
				CLANG_WARN_EMPTY_BODY = YES;
				CLANG_WARN_ENUM_CONVERSION = YES;
				CLANG_WARN_INFINITE_RECURSION = YES;
				CLANG_WARN_INT_CONVERSION = YES;
				CLANG_WARN_NON_LITERAL_NULL_CONVERSION = YES;
				CLANG_WARN_OBJC_IMPLICIT_RETAIN_SELF = YES;
				CLANG_WARN_OBJC_LITERAL_CONVERSION = YES;
				CLANG_WARN_OBJC_ROOT_CLASS = YES_ERROR;
				CLANG_WARN_QUOTED_INCLUDE_IN_FRAMEWORK_HEADER = YES;
				CLANG_WARN_RANGE_LOOP_ANALYSIS = YES;
				CLANG_WARN_STRICT_PROTOTYPES = YES;
				CLANG_WARN_SUSPICIOUS_MOVE = YES;
				CLANG_WARN_UNGUARDED_AVAILABILITY = YES_AGGRESSIVE;
				CLANG_WARN_UNREACHABLE_CODE = YES;
				CLANG_WARN__DUPLICATE_METHOD_MATCH = YES;
				COPY_PHASE_STRIP = NO;
				DEBUG_INFORMATION_FORMAT = dwarf;
				ENABLE_STRICT_OBJC_MSGSEND = YES;
				ENABLE_TESTABILITY = YES;
				GCC_C_LANGUAGE_STANDARD = gnu11;
				GCC_DYNAMIC_NO_PIC = NO;
				GCC_NO_COMMON_BLOCKS = YES;
				GCC_OPTIMIZATION_LEVEL = 0;
				GCC_PREPROCESSOR_DEFINITIONS = (
					"DEBUG=1",
					"$(inherited)",
				);
				GCC_WARN_64_TO_32_BIT_CONVERSION = YES;
				GCC_WARN_ABOUT_RETURN_TYPE = YES_ERROR;
				GCC_WARN_UNDECLARED_SELECTOR = YES;
				GCC_WARN_UNINITIALIZED_AUTOS = YES_AGGRESSIVE;
				GCC_WARN_UNUSED_FUNCTION = YES;
				GCC_WARN_UNUSED_VARIABLE = YES;
				IPHONEOS_DEPLOYMENT_TARGET = 16.0;
				MTL_ENABLE_DEBUG_INFO = INCLUDE_SOURCE;
				MTL_FAST_MATH = YES;
				ONLY_ACTIVE_ARCH = YES;
				SDKROOT = iphoneos;
				SWIFT_ACTIVE_COMPILATION_CONDITIONS = DEBUG;
				SWIFT_OPTIMIZATION_LEVEL = "-Onone";
			};
			name = Debug;
		};
		A0C2A6AA29144FAB009A006C /* Release */ = {
			isa = XCBuildConfiguration;
			buildSettings = {
				ALWAYS_SEARCH_USER_PATHS = NO;
				CLANG_ANALYZER_NONNULL = YES;
				CLANG_ANALYZER_NUMBER_OBJECT_CONVERSION = YES_AGGRESSIVE;
				CLANG_CXX_LANGUAGE_STANDARD = "gnu++20";
				CLANG_ENABLE_MODULES = YES;
				CLANG_ENABLE_OBJC_ARC = YES;
				CLANG_ENABLE_OBJC_WEAK = YES;
				CLANG_WARN_BLOCK_CAPTURE_AUTORELEASING = YES;
				CLANG_WARN_BOOL_CONVERSION = YES;
				CLANG_WARN_COMMA = YES;
				CLANG_WARN_CONSTANT_CONVERSION = YES;
				CLANG_WARN_DEPRECATED_OBJC_IMPLEMENTATIONS = YES;
				CLANG_WARN_DIRECT_OBJC_ISA_USAGE = YES_ERROR;
				CLANG_WARN_DOCUMENTATION_COMMENTS = YES;
				CLANG_WARN_EMPTY_BODY = YES;
				CLANG_WARN_ENUM_CONVERSION = YES;
				CLANG_WARN_INFINITE_RECURSION = YES;
				CLANG_WARN_INT_CONVERSION = YES;
				CLANG_WARN_NON_LITERAL_NULL_CONVERSION = YES;
				CLANG_WARN_OBJC_IMPLICIT_RETAIN_SELF = YES;
				CLANG_WARN_OBJC_LITERAL_CONVERSION = YES;
				CLANG_WARN_OBJC_ROOT_CLASS = YES_ERROR;
				CLANG_WARN_QUOTED_INCLUDE_IN_FRAMEWORK_HEADER = YES;
				CLANG_WARN_RANGE_LOOP_ANALYSIS = YES;
				CLANG_WARN_STRICT_PROTOTYPES = YES;
				CLANG_WARN_SUSPICIOUS_MOVE = YES;
				CLANG_WARN_UNGUARDED_AVAILABILITY = YES_AGGRESSIVE;
				CLANG_WARN_UNREACHABLE_CODE = YES;
				CLANG_WARN__DUPLICATE_METHOD_MATCH = YES;
				COPY_PHASE_STRIP = NO;
				DEBUG_INFORMATION_FORMAT = "dwarf-with-dsym";
				ENABLE_NS_ASSERTIONS = NO;
				ENABLE_STRICT_OBJC_MSGSEND = YES;
				GCC_C_LANGUAGE_STANDARD = gnu11;
				GCC_NO_COMMON_BLOCKS = YES;
				GCC_WARN_64_TO_32_BIT_CONVERSION = YES;
				GCC_WARN_ABOUT_RETURN_TYPE = YES_ERROR;
				GCC_WARN_UNDECLARED_SELECTOR = YES;
				GCC_WARN_UNINITIALIZED_AUTOS = YES_AGGRESSIVE;
				GCC_WARN_UNUSED_FUNCTION = YES;
				GCC_WARN_UNUSED_VARIABLE = YES;
				IPHONEOS_DEPLOYMENT_TARGET = 16.0;
				MTL_ENABLE_DEBUG_INFO = NO;
				MTL_FAST_MATH = YES;
				SDKROOT = iphoneos;
				SWIFT_COMPILATION_MODE = wholemodule;
				SWIFT_OPTIMIZATION_LEVEL = "-O";
				VALIDATE_PRODUCT = YES;
			};
			name = Release;
		};
		A0C2A6AC29144FAB009A006C /* Debug */ = {
			isa = XCBuildConfiguration;
			buildSettings = {
				ASSETCATALOG_COMPILER_APPICON_NAME = AppIcon;
				ASSETCATALOG_COMPILER_GLOBAL_ACCENT_COLOR_NAME = AccentColor;
				ASSETCATALOG_COMPILER_INCLUDE_ALL_APPICON_ASSETS = NO;
				CODE_SIGN_STYLE = Automatic;
				CURRENT_PROJECT_VERSION = 1;
				DEVELOPMENT_TEAM = T422XL89ZA;
				GENERATE_INFOPLIST_FILE = YES;
				INFOPLIST_FILE = CodeAcademyChat/Info.plist;
				INFOPLIST_KEY_UIApplicationSupportsIndirectInputEvents = YES;
				INFOPLIST_KEY_UILaunchStoryboardName = LaunchScreen;
				INFOPLIST_KEY_UIMainStoryboardFile = Main;
				INFOPLIST_KEY_UISupportedInterfaceOrientations_iPad = "UIInterfaceOrientationPortrait UIInterfaceOrientationPortraitUpsideDown UIInterfaceOrientationLandscapeLeft UIInterfaceOrientationLandscapeRight";
				INFOPLIST_KEY_UISupportedInterfaceOrientations_iPhone = "UIInterfaceOrientationPortrait UIInterfaceOrientationLandscapeLeft UIInterfaceOrientationLandscapeRight";
				LD_RUNPATH_SEARCH_PATHS = (
					"$(inherited)",
					"@executable_path/Frameworks",
				);
				MARKETING_VERSION = 1.0;
				PRODUCT_BUNDLE_IDENTIFIER = com.nikitaaleksejevas.CodeAcademyChat;
				PRODUCT_NAME = "$(TARGET_NAME)";
				SWIFT_EMIT_LOC_STRINGS = YES;
				SWIFT_VERSION = 5.0;
				TARGETED_DEVICE_FAMILY = "1,2";
			};
			name = Debug;
		};
		A0C2A6AD29144FAB009A006C /* Release */ = {
			isa = XCBuildConfiguration;
			buildSettings = {
				ASSETCATALOG_COMPILER_APPICON_NAME = AppIcon;
				"ASSETCATALOG_COMPILER_APPICON_NAME[sdk=iphoneos*]" = AppIcon;
				ASSETCATALOG_COMPILER_GLOBAL_ACCENT_COLOR_NAME = AccentColor;
				ASSETCATALOG_COMPILER_INCLUDE_ALL_APPICON_ASSETS = NO;
				CODE_SIGN_STYLE = Automatic;
				CURRENT_PROJECT_VERSION = 1;
				DEVELOPMENT_TEAM = T422XL89ZA;
				GENERATE_INFOPLIST_FILE = YES;
				INFOPLIST_FILE = CodeAcademyChat/Info.plist;
				INFOPLIST_KEY_UIApplicationSupportsIndirectInputEvents = YES;
				INFOPLIST_KEY_UILaunchStoryboardName = LaunchScreen;
				INFOPLIST_KEY_UIMainStoryboardFile = Main;
				INFOPLIST_KEY_UISupportedInterfaceOrientations_iPad = "UIInterfaceOrientationPortrait UIInterfaceOrientationPortraitUpsideDown UIInterfaceOrientationLandscapeLeft UIInterfaceOrientationLandscapeRight";
				INFOPLIST_KEY_UISupportedInterfaceOrientations_iPhone = "UIInterfaceOrientationPortrait UIInterfaceOrientationLandscapeLeft UIInterfaceOrientationLandscapeRight";
				LD_RUNPATH_SEARCH_PATHS = (
					"$(inherited)",
					"@executable_path/Frameworks",
				);
				MARKETING_VERSION = 1.0;
				PRODUCT_BUNDLE_IDENTIFIER = com.nikitaaleksejevas.CodeAcademyChat;
				PRODUCT_NAME = "$(TARGET_NAME)";
				SWIFT_EMIT_LOC_STRINGS = YES;
				SWIFT_VERSION = 5.0;
				TARGETED_DEVICE_FAMILY = "1,2";
			};
			name = Release;
		};
/* End XCBuildConfiguration section */

/* Begin XCConfigurationList section */
		A0C2A69229144FA9009A006C /* Build configuration list for PBXProject "CodeAcademyChat" */ = {
			isa = XCConfigurationList;
			buildConfigurations = (
				A0C2A6A929144FAB009A006C /* Debug */,
				A0C2A6AA29144FAB009A006C /* Release */,
			);
			defaultConfigurationIsVisible = 0;
			defaultConfigurationName = Release;
		};
		A0C2A6AB29144FAB009A006C /* Build configuration list for PBXNativeTarget "CodeAcademyChat" */ = {
			isa = XCConfigurationList;
			buildConfigurations = (
				A0C2A6AC29144FAB009A006C /* Debug */,
				A0C2A6AD29144FAB009A006C /* Release */,
			);
			defaultConfigurationIsVisible = 0;
			defaultConfigurationName = Release;
		};
/* End XCConfigurationList section */
	};
	rootObject = A0C2A68F29144FA9009A006C /* Project object */;
}
